
Microsoft Visual Studio Solution File, Format Version 12.00
# Visual Studio Version 16
VisualStudioVersion = 16.0.30611.23
MinimumVisualStudioVersion = 10.0.40219.1
Project("{FAE04EC0-301F-11D3-BF4B-00C04F79EFBC}") = "RemplazoDeStringsChallenge", "RemplazoDeStringsChallenge\RemplazoDeStringsChallenge.csproj", "{A367DA8F-11DC-4D61-B1D6-1463BF594CF2}"
EndProject
Global
	GlobalSection(SolutionConfigurationPlatforms) = preSolution
		Debug|Any CPU = Debug|Any CPU
		Release|Any CPU = Release|Any CPU
	EndGlobalSection
	GlobalSection(ProjectConfigurationPlatforms) = postSolution
		{A367DA8F-11DC-4D61-B1D6-1463BF594CF2}.Debug|Any CPU.ActiveCfg = Debug|Any CPU
		{A367DA8F-11DC-4D61-B1D6-1463BF594CF2}.Debug|Any CPU.Build.0 = Debug|Any CPU
		{A367DA8F-11DC-4D61-B1D6-1463BF594CF2}.Release|Any CPU.ActiveCfg = Release|Any CPU
		{A367DA8F-11DC-4D61-B1D6-1463BF594CF2}.Release|Any CPU.Build.0 = Release|Any CPU
	EndGlobalSection
	GlobalSection(SolutionProperties) = preSolution
		HideSolutionNode = FALSE
	EndGlobalSection
	GlobalSection(ExtensibilityGlobals) = postSolution
		SolutionGuid = {BBCD1A3F-B43E-413F-A0C9-7A748FF06B3F}
	EndGlobalSection
EndGlobal
